// !$*UTF8*$!
{
	archiveVersion = 1;
	classes = {
	};
	objectVersion = 50;
	objects = {

/* Begin PBXBuildFile section */
		D54135A222DCD41900D70106 /* MapKit.framework in Frameworks */ = {isa = PBXBuildFile; fileRef = D54135A122DCD41900D70106 /* MapKit.framework */; };
		D5BA6EF422E2957F00316AD4 /* charleyrivers.jpg in Resources */ = {isa = PBXBuildFile; fileRef = D5BA6EE222E2957E00316AD4 /* charleyrivers.jpg */; };
		D5BA6EF522E2957F00316AD4 /* silversalmoncreek.jpg in Resources */ = {isa = PBXBuildFile; fileRef = D5BA6EE322E2957E00316AD4 /* silversalmoncreek.jpg */; };
		D5BA6EF622E2957F00316AD4 /* lakemcdonald.jpg in Resources */ = {isa = PBXBuildFile; fileRef = D5BA6EE422E2957E00316AD4 /* lakemcdonald.jpg */; };
		D5BA6EF722E2957F00316AD4 /* stmarylake_feature.jpg in Resources */ = {isa = PBXBuildFile; fileRef = D5BA6EE522E2957E00316AD4 /* stmarylake_feature.jpg */; };
		D5BA6EF822E2957F00316AD4 /* turtlerock_feature.jpg in Resources */ = {isa = PBXBuildFile; fileRef = D5BA6EE622E2957E00316AD4 /* turtlerock_feature.jpg */; };
		D5BA6EF922E2957F00316AD4 /* umbagog.jpg in Resources */ = {isa = PBXBuildFile; fileRef = D5BA6EE722E2957E00316AD4 /* umbagog.jpg */; };
		D5BA6EFA22E2957F00316AD4 /* chilkoottrail.jpg in Resources */ = {isa = PBXBuildFile; fileRef = D5BA6EE822E2957E00316AD4 /* chilkoottrail.jpg */; };
		D5BA6EFB22E2957F00316AD4 /* yukon_charleyrivers.jpg in Resources */ = {isa = PBXBuildFile; fileRef = D5BA6EE922E2957E00316AD4 /* yukon_charleyrivers.jpg */; };
		D5BA6EFC22E2957F00316AD4 /* hikeData.json in Resources */ = {isa = PBXBuildFile; fileRef = D5BA6EEA22E2957E00316AD4 /* hikeData.json */; };
		D5BA6EFD22E2957F00316AD4 /* turtlerock.jpg in Resources */ = {isa = PBXBuildFile; fileRef = D5BA6EEB22E2957E00316AD4 /* turtlerock.jpg */; };
		D5BA6EFE22E2957F00316AD4 /* twinlake.jpg in Resources */ = {isa = PBXBuildFile; fileRef = D5BA6EEC22E2957E00316AD4 /* twinlake.jpg */; };
		D5BA6EFF22E2957F00316AD4 /* rainbowlake.jpg in Resources */ = {isa = PBXBuildFile; fileRef = D5BA6EED22E2957E00316AD4 /* rainbowlake.jpg */; };
		D5BA6F0022E2957F00316AD4 /* hiddenlake.jpg in Resources */ = {isa = PBXBuildFile; fileRef = D5BA6EEE22E2957E00316AD4 /* hiddenlake.jpg */; };
		D5BA6F0122E2957F00316AD4 /* icybay.jpg in Resources */ = {isa = PBXBuildFile; fileRef = D5BA6EEF22E2957E00316AD4 /* icybay.jpg */; };
		D5BA6F0222E2957F00316AD4 /* stmarylake.jpg in Resources */ = {isa = PBXBuildFile; fileRef = D5BA6EF022E2957F00316AD4 /* stmarylake.jpg */; };
		D5BA6F0322E2957F00316AD4 /* landmarkData.json in Resources */ = {isa = PBXBuildFile; fileRef = D5BA6EF122E2957F00316AD4 /* landmarkData.json */; };
		D5BA6F0422E2957F00316AD4 /* charleyrivers_feature.jpg in Resources */ = {isa = PBXBuildFile; fileRef = D5BA6EF222E2957F00316AD4 /* charleyrivers_feature.jpg */; };
		D5BA6F0522E2957F00316AD4 /* chincoteague.jpg in Resources */ = {isa = PBXBuildFile; fileRef = D5BA6EF322E2957F00316AD4 /* chincoteague.jpg */; };
		D5C41BD322DCE2B800415ABE /* landmarkData.json in Resources */ = {isa = PBXBuildFile; fileRef = D5C41BC622DCE2B600415ABE /* landmarkData.json */; };
		D5C41BD422DCE2B800415ABE /* twinlake.jpg in Resources */ = {isa = PBXBuildFile; fileRef = D5C41BC722DCE2B700415ABE /* twinlake.jpg */; };
		D5C41BD522DCE2B800415ABE /* turtlerock.jpg in Resources */ = {isa = PBXBuildFile; fileRef = D5C41BC822DCE2B700415ABE /* turtlerock.jpg */; };
		D5C41BD622DCE2B800415ABE /* icybay.jpg in Resources */ = {isa = PBXBuildFile; fileRef = D5C41BC922DCE2B700415ABE /* icybay.jpg */; };
		D5C41BD722DCE2B800415ABE /* rainbowlake.jpg in Resources */ = {isa = PBXBuildFile; fileRef = D5C41BCA22DCE2B700415ABE /* rainbowlake.jpg */; };
		D5C41BD822DCE2B800415ABE /* silversalmoncreek.jpg in Resources */ = {isa = PBXBuildFile; fileRef = D5C41BCB22DCE2B700415ABE /* silversalmoncreek.jpg */; };
		D5C41BD922DCE2B800415ABE /* chincoteague.jpg in Resources */ = {isa = PBXBuildFile; fileRef = D5C41BCC22DCE2B700415ABE /* chincoteague.jpg */; };
		D5C41BDA22DCE2B800415ABE /* umbagog.jpg in Resources */ = {isa = PBXBuildFile; fileRef = D5C41BCD22DCE2B700415ABE /* umbagog.jpg */; };
		D5C41BDB22DCE2B800415ABE /* yukon_charleyrivers.jpg in Resources */ = {isa = PBXBuildFile; fileRef = D5C41BCE22DCE2B700415ABE /* yukon_charleyrivers.jpg */; };
		D5C41BDC22DCE2B800415ABE /* chilkoottrail.jpg in Resources */ = {isa = PBXBuildFile; fileRef = D5C41BCF22DCE2B800415ABE /* chilkoottrail.jpg */; };
		D5C41BDD22DCE2B800415ABE /* lakemcdonald.jpg in Resources */ = {isa = PBXBuildFile; fileRef = D5C41BD022DCE2B800415ABE /* lakemcdonald.jpg */; };
		D5C41BDE22DCE2B800415ABE /* hiddenlake.jpg in Resources */ = {isa = PBXBuildFile; fileRef = D5C41BD122DCE2B800415ABE /* hiddenlake.jpg */; };
		D5C41BDF22DCE2B800415ABE /* stmarylake.jpg in Resources */ = {isa = PBXBuildFile; fileRef = D5C41BD222DCE2B800415ABE /* stmarylake.jpg */; };
		D5D56D8622DF81DB00966CFF /* hikeData.json in Resources */ = {isa = PBXBuildFile; fileRef = D5D56D8522DF81DB00966CFF /* hikeData.json */; };
		D5D56D8C22DF831200966CFF /* HikView.swift in Sources */ = {isa = PBXBuildFile; fileRef = D5D56D8B22DF831200966CFF /* HikView.swift */; };
		D5D56D8E22DF8B1200966CFF /* HikeDetail.swift in Sources */ = {isa = PBXBuildFile; fileRef = D5D56D8D22DF8B1200966CFF /* HikeDetail.swift */; };
		D5ED938122E296FC0043FABC /* Data.swift in Sources */ = {isa = PBXBuildFile; fileRef = D5C41BE022DCE30A00415ABE /* Data.swift */; };
		D5ED938222E296FC0043FABC /* Landmark.swift in Sources */ = {isa = PBXBuildFile; fileRef = D5C41BE122DCE30A00415ABE /* Landmark.swift */; };
		D5ED938322E296FC0043FABC /* UserData.swift in Sources */ = {isa = PBXBuildFile; fileRef = D5FCE8FA22DE008B005C4D9E /* UserData.swift */; };
		D5ED938422E296FC0043FABC /* HexagonParameters.swift in Sources */ = {isa = PBXBuildFile; fileRef = D5FCE8FE22DE0B15005C4D9E /* HexagonParameters.swift */; };
		D5ED938522E296FC0043FABC /* Hike.swift in Sources */ = {isa = PBXBuildFile; fileRef = D5D56D8322DF819C00966CFF /* Hike.swift */; };
		D5ED938622E296FC0043FABC /* Profile.swift in Sources */ = {isa = PBXBuildFile; fileRef = D51AD56D22E2180600CB87E2 /* Profile.swift */; };
		D5ED938722E296FC0043FABC /* AppDelegate.swift in Sources */ = {isa = PBXBuildFile; fileRef = D5FCE8DF22DCB103005C4D9E /* AppDelegate.swift */; };
		D5ED938822E296FC0043FABC /* SceneDelegate.swift in Sources */ = {isa = PBXBuildFile; fileRef = D5FCE8E122DCB103005C4D9E /* SceneDelegate.swift */; };
		D5ED938922E296FC0043FABC /* CategoryRow.swift in Sources */ = {isa = PBXBuildFile; fileRef = D55C3F2022E1EB9400581E0A /* CategoryRow.swift */; };
		D5ED938A22E296FC0043FABC /* HomeView.swift in Sources */ = {isa = PBXBuildFile; fileRef = D55C3F1E22E1EA1600581E0A /* HomeView.swift */; };
		D5ED938B22E296FC0043FABC /* HikeBadge.swift in Sources */ = {isa = PBXBuildFile; fileRef = D50472E422E219BF0099FC52 /* HikeBadge.swift */; };
		D5ED938C22E296FC0043FABC /* ProfileSummary.swift in Sources */ = {isa = PBXBuildFile; fileRef = D51AD56B22E217C600CB87E2 /* ProfileSummary.swift */; };
		D5ED938D22E296FC0043FABC /* ProfileEditor.swift in Sources */ = {isa = PBXBuildFile; fileRef = D5E0688E22E21DC300A1FA84 /* ProfileEditor.swift */; };
		D5ED938E22E296FC0043FABC /* ProfileHost.swift in Sources */ = {isa = PBXBuildFile; fileRef = D5E0689022E2214F00A1FA84 /* ProfileHost.swift */; };
		D5ED938F22E296FC0043FABC /* PageViewController.swift in Sources */ = {isa = PBXBuildFile; fileRef = D5BA6EDC22E229D600316AD4 /* PageViewController.swift */; };
		D5ED939022E296FC0043FABC /* PageView.swift in Sources */ = {isa = PBXBuildFile; fileRef = D5BA6EDE22E22BC500316AD4 /* PageView.swift */; };
		D5ED939122E296FC0043FABC /* FeatureCard.swift in Sources */ = {isa = PBXBuildFile; fileRef = D5BA6EE022E292DA00316AD4 /* FeatureCard.swift */; };
		D5ED939222E296FC0043FABC /* LandMarkList.swift in Sources */ = {isa = PBXBuildFile; fileRef = D5C41BE422DCE3E600415ABE /* LandMarkList.swift */; };
		D5ED939322E296FC0043FABC /* LandMarkRow.swift in Sources */ = {isa = PBXBuildFile; fileRef = D5C41BA922DCDE9300415ABE /* LandMarkRow.swift */; };
		D5ED939422E296FC0043FABC /* LandmarkDetail.swift in Sources */ = {isa = PBXBuildFile; fileRef = D5FCE8E322DCB103005C4D9E /* LandmarkDetail.swift */; };
		D5ED939522E296FC0043FABC /* CircleImage.swift in Sources */ = {isa = PBXBuildFile; fileRef = D5FCE8F322DCB945005C4D9E /* CircleImage.swift */; };
		D5ED939622E296FC0043FABC /* MapView.swift in Sources */ = {isa = PBXBuildFile; fileRef = D5FCE8F522DCBC02005C4D9E /* MapView.swift */; };
		D5ED939722E296FC0043FABC /* BadgeBackground.swift in Sources */ = {isa = PBXBuildFile; fileRef = D5FCE8FC22DE096F005C4D9E /* BadgeBackground.swift */; };
		D5ED939822E296FC0043FABC /* Badge.swift in Sources */ = {isa = PBXBuildFile; fileRef = D5D56D7D22DE320100966CFF /* Badge.swift */; };
		D5ED939922E296FC0043FABC /* BadgeSymbol.swift in Sources */ = {isa = PBXBuildFile; fileRef = D5D56D7F22DE330700966CFF /* BadgeSymbol.swift */; };
		D5ED939A22E296FC0043FABC /* RotatedBadgeSymbol.swift in Sources */ = {isa = PBXBuildFile; fileRef = D5D56D8122DE357800966CFF /* RotatedBadgeSymbol.swift */; };
		D5ED939B22E296FC0043FABC /* HikeGraph.swift in Sources */ = {isa = PBXBuildFile; fileRef = D5D56D8722DF823D00966CFF /* HikeGraph.swift */; };
		D5ED939C22E296FC0043FABC /* GraphCapsule.swift in Sources */ = {isa = PBXBuildFile; fileRef = D5D56D8922DF825A00966CFF /* GraphCapsule.swift */; };
		D5FCE8E622DCB105005C4D9E /* Assets.xcassets in Resources */ = {isa = PBXBuildFile; fileRef = D5FCE8E522DCB105005C4D9E /* Assets.xcassets */; };
		D5FCE8E922DCB105005C4D9E /* Preview Assets.xcassets in Resources */ = {isa = PBXBuildFile; fileRef = D5FCE8E822DCB105005C4D9E /* Preview Assets.xcassets */; };
		D5FCE8EC22DCB105005C4D9E /* LaunchScreen.storyboard in Resources */ = {isa = PBXBuildFile; fileRef = D5FCE8EA22DCB105005C4D9E /* LaunchScreen.storyboard */; };
		D5FCE8F922DDF296005C4D9E /* charleyrivers.jpg in Resources */ = {isa = PBXBuildFile; fileRef = D5FCE8F822DDF296005C4D9E /* charleyrivers.jpg */; };
/* End PBXBuildFile section */

/* Begin PBXFileReference section */
		D50472E422E219BF0099FC52 /* HikeBadge.swift */ = {isa = PBXFileReference; lastKnownFileType = sourcecode.swift; name = HikeBadge.swift; path = ../../../../../../System/Volumes/Data/Users/young40/Work/Swift/SwiftUITutorials/SwiftUITutorials/HikeBadge.swift; sourceTree = "<group>"; };
		D51AD56922E2172300CB87E2 /* ProfileHost.swift */ = {isa = PBXFileReference; lastKnownFileType = sourcecode.swift; name = ProfileHost.swift; path = ../../../../../System/Volumes/Data/Users/young40/Work/Swift/SwiftUITutorials/ProfileHost.swift; sourceTree = "<group>"; };
		D51AD56B22E217C600CB87E2 /* ProfileSummary.swift */ = {isa = PBXFileReference; lastKnownFileType = sourcecode.swift; name = ProfileSummary.swift; path = ../../../../../../System/Volumes/Data/Users/young40/Work/Swift/SwiftUITutorials/SwiftUITutorials/ProfileSummary.swift; sourceTree = "<group>"; };
		D51AD56D22E2180600CB87E2 /* Profile.swift */ = {isa = PBXFileReference; fileEncoding = 4; lastKnownFileType = sourcecode.swift; path = Profile.swift; sourceTree = "<group>"; };
		D54135A122DCD41900D70106 /* MapKit.framework */ = {isa = PBXFileReference; lastKnownFileType = wrapper.framework; name = MapKit.framework; path = System/Library/Frameworks/MapKit.framework; sourceTree = SDKROOT; };
		D55C3F1E22E1EA1600581E0A /* HomeView.swift */ = {isa = PBXFileReference; lastKnownFileType = sourcecode.swift; path = HomeView.swift; sourceTree = "<group>"; };
		D55C3F2022E1EB9400581E0A /* CategoryRow.swift */ = {isa = PBXFileReference; lastKnownFileType = sourcecode.swift; path = CategoryRow.swift; sourceTree = "<group>"; };
		D5BA6EDC22E229D600316AD4 /* PageViewController.swift */ = {isa = PBXFileReference; lastKnownFileType = sourcecode.swift; name = PageViewController.swift; path = ../../../../../../System/Volumes/Data/Users/young40/Work/Swift/SwiftUITutorials/SwiftUITutorials/PageViewController.swift; sourceTree = "<group>"; };
		D5BA6EDE22E22BC500316AD4 /* PageView.swift */ = {isa = PBXFileReference; lastKnownFileType = sourcecode.swift; name = PageView.swift; path = ../../../../../../System/Volumes/Data/Users/young40/Work/Swift/SwiftUITutorials/SwiftUITutorials/PageView.swift; sourceTree = "<group>"; };
		D5BA6EE022E292DA00316AD4 /* FeatureCard.swift */ = {isa = PBXFileReference; lastKnownFileType = sourcecode.swift; name = FeatureCard.swift; path = ../../../../../../System/Volumes/Data/Users/young40/Work/Swift/SwiftUITutorials/SwiftUITutorials/FeatureCard.swift; sourceTree = "<group>"; };
		D5BA6EE222E2957E00316AD4 /* charleyrivers.jpg */ = {isa = PBXFileReference; lastKnownFileType = image.jpeg; path = charleyrivers.jpg; sourceTree = "<group>"; };
		D5BA6EE322E2957E00316AD4 /* silversalmoncreek.jpg */ = {isa = PBXFileReference; lastKnownFileType = image.jpeg; path = silversalmoncreek.jpg; sourceTree = "<group>"; };
		D5BA6EE422E2957E00316AD4 /* lakemcdonald.jpg */ = {isa = PBXFileReference; lastKnownFileType = image.jpeg; path = lakemcdonald.jpg; sourceTree = "<group>"; };
		D5BA6EE522E2957E00316AD4 /* stmarylake_feature.jpg */ = {isa = PBXFileReference; lastKnownFileType = image.jpeg; path = stmarylake_feature.jpg; sourceTree = "<group>"; };
		D5BA6EE622E2957E00316AD4 /* turtlerock_feature.jpg */ = {isa = PBXFileReference; lastKnownFileType = image.jpeg; path = turtlerock_feature.jpg; sourceTree = "<group>"; };
		D5BA6EE722E2957E00316AD4 /* umbagog.jpg */ = {isa = PBXFileReference; lastKnownFileType = image.jpeg; path = umbagog.jpg; sourceTree = "<group>"; };
		D5BA6EE822E2957E00316AD4 /* chilkoottrail.jpg */ = {isa = PBXFileReference; lastKnownFileType = image.jpeg; path = chilkoottrail.jpg; sourceTree = "<group>"; };
		D5BA6EE922E2957E00316AD4 /* yukon_charleyrivers.jpg */ = {isa = PBXFileReference; lastKnownFileType = image.jpeg; path = yukon_charleyrivers.jpg; sourceTree = "<group>"; };
		D5BA6EEA22E2957E00316AD4 /* hikeData.json */ = {isa = PBXFileReference; fileEncoding = 4; lastKnownFileType = text.json; path = hikeData.json; sourceTree = "<group>"; };
		D5BA6EEB22E2957E00316AD4 /* turtlerock.jpg */ = {isa = PBXFileReference; lastKnownFileType = image.jpeg; path = turtlerock.jpg; sourceTree = "<group>"; };
		D5BA6EEC22E2957E00316AD4 /* twinlake.jpg */ = {isa = PBXFileReference; lastKnownFileType = image.jpeg; path = twinlake.jpg; sourceTree = "<group>"; };
		D5BA6EED22E2957E00316AD4 /* rainbowlake.jpg */ = {isa = PBXFileReference; lastKnownFileType = image.jpeg; path = rainbowlake.jpg; sourceTree = "<group>"; };
		D5BA6EEE22E2957E00316AD4 /* hiddenlake.jpg */ = {isa = PBXFileReference; lastKnownFileType = image.jpeg; path = hiddenlake.jpg; sourceTree = "<group>"; };
		D5BA6EEF22E2957E00316AD4 /* icybay.jpg */ = {isa = PBXFileReference; lastKnownFileType = image.jpeg; path = icybay.jpg; sourceTree = "<group>"; };
		D5BA6EF022E2957F00316AD4 /* stmarylake.jpg */ = {isa = PBXFileReference; lastKnownFileType = image.jpeg; path = stmarylake.jpg; sourceTree = "<group>"; };
		D5BA6EF122E2957F00316AD4 /* landmarkData.json */ = {isa = PBXFileReference; fileEncoding = 4; lastKnownFileType = text.json; path = landmarkData.json; sourceTree = "<group>"; };
		D5BA6EF222E2957F00316AD4 /* charleyrivers_feature.jpg */ = {isa = PBXFileReference; lastKnownFileType = image.jpeg; path = charleyrivers_feature.jpg; sourceTree = "<group>"; };
		D5BA6EF322E2957F00316AD4 /* chincoteague.jpg */ = {isa = PBXFileReference; lastKnownFileType = image.jpeg; path = chincoteague.jpg; sourceTree = "<group>"; };
		D5C41BA922DCDE9300415ABE /* LandMarkRow.swift */ = {isa = PBXFileReference; lastKnownFileType = sourcecode.swift; path = LandMarkRow.swift; sourceTree = "<group>"; };
		D5C41BC622DCE2B600415ABE /* landmarkData.json */ = {isa = PBXFileReference; fileEncoding = 4; lastKnownFileType = text.json; path = landmarkData.json; sourceTree = "<group>"; };
		D5C41BC722DCE2B700415ABE /* twinlake.jpg */ = {isa = PBXFileReference; lastKnownFileType = image.jpeg; path = twinlake.jpg; sourceTree = "<group>"; };
		D5C41BC822DCE2B700415ABE /* turtlerock.jpg */ = {isa = PBXFileReference; lastKnownFileType = image.jpeg; path = turtlerock.jpg; sourceTree = "<group>"; };
		D5C41BC922DCE2B700415ABE /* icybay.jpg */ = {isa = PBXFileReference; lastKnownFileType = image.jpeg; path = icybay.jpg; sourceTree = "<group>"; };
		D5C41BCA22DCE2B700415ABE /* rainbowlake.jpg */ = {isa = PBXFileReference; lastKnownFileType = image.jpeg; path = rainbowlake.jpg; sourceTree = "<group>"; };
		D5C41BCB22DCE2B700415ABE /* silversalmoncreek.jpg */ = {isa = PBXFileReference; lastKnownFileType = image.jpeg; path = silversalmoncreek.jpg; sourceTree = "<group>"; };
		D5C41BCC22DCE2B700415ABE /* chincoteague.jpg */ = {isa = PBXFileReference; lastKnownFileType = image.jpeg; path = chincoteague.jpg; sourceTree = "<group>"; };
		D5C41BCD22DCE2B700415ABE /* umbagog.jpg */ = {isa = PBXFileReference; lastKnownFileType = image.jpeg; path = umbagog.jpg; sourceTree = "<group>"; };
		D5C41BCE22DCE2B700415ABE /* yukon_charleyrivers.jpg */ = {isa = PBXFileReference; lastKnownFileType = image.jpeg; path = yukon_charleyrivers.jpg; sourceTree = "<group>"; };
		D5C41BCF22DCE2B800415ABE /* chilkoottrail.jpg */ = {isa = PBXFileReference; lastKnownFileType = image.jpeg; path = chilkoottrail.jpg; sourceTree = "<group>"; };
		D5C41BD022DCE2B800415ABE /* lakemcdonald.jpg */ = {isa = PBXFileReference; lastKnownFileType = image.jpeg; path = lakemcdonald.jpg; sourceTree = "<group>"; };
		D5C41BD122DCE2B800415ABE /* hiddenlake.jpg */ = {isa = PBXFileReference; lastKnownFileType = image.jpeg; path = hiddenlake.jpg; sourceTree = "<group>"; };
		D5C41BD222DCE2B800415ABE /* stmarylake.jpg */ = {isa = PBXFileReference; lastKnownFileType = image.jpeg; path = stmarylake.jpg; sourceTree = "<group>"; };
		D5C41BE022DCE30A00415ABE /* Data.swift */ = {isa = PBXFileReference; fileEncoding = 4; lastKnownFileType = sourcecode.swift; path = Data.swift; sourceTree = "<group>"; };
		D5C41BE122DCE30A00415ABE /* Landmark.swift */ = {isa = PBXFileReference; fileEncoding = 4; lastKnownFileType = sourcecode.swift; path = Landmark.swift; sourceTree = "<group>"; };
		D5C41BE422DCE3E600415ABE /* LandMarkList.swift */ = {isa = PBXFileReference; lastKnownFileType = sourcecode.swift; path = LandMarkList.swift; sourceTree = "<group>"; };
		D5D56D7D22DE320100966CFF /* Badge.swift */ = {isa = PBXFileReference; lastKnownFileType = sourcecode.swift; path = Badge.swift; sourceTree = "<group>"; };
		D5D56D7F22DE330700966CFF /* BadgeSymbol.swift */ = {isa = PBXFileReference; lastKnownFileType = sourcecode.swift; path = BadgeSymbol.swift; sourceTree = "<group>"; };
		D5D56D8122DE357800966CFF /* RotatedBadgeSymbol.swift */ = {isa = PBXFileReference; lastKnownFileType = sourcecode.swift; path = RotatedBadgeSymbol.swift; sourceTree = "<group>"; };
		D5D56D8322DF819C00966CFF /* Hike.swift */ = {isa = PBXFileReference; fileEncoding = 4; lastKnownFileType = sourcecode.swift; path = Hike.swift; sourceTree = "<group>"; };
		D5D56D8522DF81DB00966CFF /* hikeData.json */ = {isa = PBXFileReference; fileEncoding = 4; lastKnownFileType = text.json; path = hikeData.json; sourceTree = "<group>"; };
		D5D56D8722DF823D00966CFF /* HikeGraph.swift */ = {isa = PBXFileReference; fileEncoding = 4; lastKnownFileType = sourcecode.swift; path = HikeGraph.swift; sourceTree = "<group>"; };
		D5D56D8922DF825A00966CFF /* GraphCapsule.swift */ = {isa = PBXFileReference; fileEncoding = 4; lastKnownFileType = sourcecode.swift; path = GraphCapsule.swift; sourceTree = "<group>"; };
		D5D56D8B22DF831200966CFF /* HikView.swift */ = {isa = PBXFileReference; lastKnownFileType = sourcecode.swift; path = HikView.swift; sourceTree = "<group>"; };
		D5D56D8D22DF8B1200966CFF /* HikeDetail.swift */ = {isa = PBXFileReference; lastKnownFileType = sourcecode.swift; path = HikeDetail.swift; sourceTree = "<group>"; };
		D5E0688E22E21DC300A1FA84 /* ProfileEditor.swift */ = {isa = PBXFileReference; lastKnownFileType = sourcecode.swift; name = ProfileEditor.swift; path = ../../../../../../System/Volumes/Data/Users/young40/Work/Swift/SwiftUITutorials/SwiftUITutorials/ProfileEditor.swift; sourceTree = "<group>"; };
		D5E0689022E2214F00A1FA84 /* ProfileHost.swift */ = {isa = PBXFileReference; fileEncoding = 4; lastKnownFileType = sourcecode.swift; path = ProfileHost.swift; sourceTree = "<group>"; };
		D5FCE8DC22DCB103005C4D9E /* SwiftUITutorials.app */ = {isa = PBXFileReference; explicitFileType = wrapper.application; includeInIndex = 0; path = SwiftUITutorials.app; sourceTree = BUILT_PRODUCTS_DIR; };
		D5FCE8DF22DCB103005C4D9E /* AppDelegate.swift */ = {isa = PBXFileReference; lastKnownFileType = sourcecode.swift; path = AppDelegate.swift; sourceTree = "<group>"; };
		D5FCE8E122DCB103005C4D9E /* SceneDelegate.swift */ = {isa = PBXFileReference; lastKnownFileType = sourcecode.swift; path = SceneDelegate.swift; sourceTree = "<group>"; };
		D5FCE8E322DCB103005C4D9E /* LandmarkDetail.swift */ = {isa = PBXFileReference; lastKnownFileType = sourcecode.swift; path = LandmarkDetail.swift; sourceTree = "<group>"; };
		D5FCE8E522DCB105005C4D9E /* Assets.xcassets */ = {isa = PBXFileReference; lastKnownFileType = folder.assetcatalog; path = Assets.xcassets; sourceTree = "<group>"; };
		D5FCE8E822DCB105005C4D9E /* Preview Assets.xcassets */ = {isa = PBXFileReference; lastKnownFileType = folder.assetcatalog; path = "Preview Assets.xcassets"; sourceTree = "<group>"; };
		D5FCE8EB22DCB105005C4D9E /* Base */ = {isa = PBXFileReference; lastKnownFileType = file.storyboard; name = Base; path = Base.lproj/LaunchScreen.storyboard; sourceTree = "<group>"; };
		D5FCE8ED22DCB105005C4D9E /* Info.plist */ = {isa = PBXFileReference; lastKnownFileType = text.plist.xml; path = Info.plist; sourceTree = "<group>"; };
		D5FCE8F322DCB945005C4D9E /* CircleImage.swift */ = {isa = PBXFileReference; lastKnownFileType = sourcecode.swift; path = CircleImage.swift; sourceTree = "<group>"; };
		D5FCE8F522DCBC02005C4D9E /* MapView.swift */ = {isa = PBXFileReference; lastKnownFileType = sourcecode.swift; path = MapView.swift; sourceTree = "<group>"; };
		D5FCE8F822DDF296005C4D9E /* charleyrivers.jpg */ = {isa = PBXFileReference; lastKnownFileType = image.jpeg; path = charleyrivers.jpg; sourceTree = "<group>"; };
		D5FCE8FA22DE008B005C4D9E /* UserData.swift */ = {isa = PBXFileReference; lastKnownFileType = sourcecode.swift; path = UserData.swift; sourceTree = "<group>"; };
		D5FCE8FC22DE096F005C4D9E /* BadgeBackground.swift */ = {isa = PBXFileReference; lastKnownFileType = sourcecode.swift; path = BadgeBackground.swift; sourceTree = "<group>"; };
		D5FCE8FE22DE0B15005C4D9E /* HexagonParameters.swift */ = {isa = PBXFileReference; fileEncoding = 4; lastKnownFileType = sourcecode.swift; name = HexagonParameters.swift; path = SwiftUITutorials/HexagonParameters.swift; sourceTree = SOURCE_ROOT; };
/* End PBXFileReference section */

/* Begin PBXFrameworksBuildPhase section */
		D5FCE8D922DCB103005C4D9E /* Frameworks */ = {
			isa = PBXFrameworksBuildPhase;
			buildActionMask = 2147483647;
			files = (
				D54135A222DCD41900D70106 /* MapKit.framework in Frameworks */,
			);
			runOnlyForDeploymentPostprocessing = 0;
		};
/* End PBXFrameworksBuildPhase section */

/* Begin PBXGroup section */
		D54135A022DCD41900D70106 /* Frameworks */ = {
			isa = PBXGroup;
			children = (
				D54135A122DCD41900D70106 /* MapKit.framework */,
			);
			name = Frameworks;
			sourceTree = "<group>";
		};
		D5C41BA422DCDC8F00415ABE /* Models */ = {
			isa = PBXGroup;
			children = (
				D5C41BE022DCE30A00415ABE /* Data.swift */,
				D5C41BE122DCE30A00415ABE /* Landmark.swift */,
				D5FCE8FA22DE008B005C4D9E /* UserData.swift */,
				D5FCE8FE22DE0B15005C4D9E /* HexagonParameters.swift */,
				D5D56D8322DF819C00966CFF /* Hike.swift */,
				D51AD56D22E2180600CB87E2 /* Profile.swift */,
			);
			path = Models;
			sourceTree = "<group>";
		};
		D5C41BAB22DCE0BE00415ABE /* Resources */ = {
			isa = PBXGroup;
			children = (
				D5BA6EF222E2957F00316AD4 /* charleyrivers_feature.jpg */,
				D5BA6EE222E2957E00316AD4 /* charleyrivers.jpg */,
				D5BA6EE822E2957E00316AD4 /* chilkoottrail.jpg */,
				D5BA6EF322E2957F00316AD4 /* chincoteague.jpg */,
				D5BA6EEE22E2957E00316AD4 /* hiddenlake.jpg */,
				D5BA6EEA22E2957E00316AD4 /* hikeData.json */,
				D5BA6EEF22E2957E00316AD4 /* icybay.jpg */,
				D5BA6EE422E2957E00316AD4 /* lakemcdonald.jpg */,
				D5BA6EF122E2957F00316AD4 /* landmarkData.json */,
				D5BA6EED22E2957E00316AD4 /* rainbowlake.jpg */,
				D5BA6EE322E2957E00316AD4 /* silversalmoncreek.jpg */,
				D5BA6EE522E2957E00316AD4 /* stmarylake_feature.jpg */,
				D5BA6EF022E2957F00316AD4 /* stmarylake.jpg */,
				D5BA6EE622E2957E00316AD4 /* turtlerock_feature.jpg */,
				D5BA6EEB22E2957E00316AD4 /* turtlerock.jpg */,
				D5BA6EEC22E2957E00316AD4 /* twinlake.jpg */,
				D5BA6EE722E2957E00316AD4 /* umbagog.jpg */,
				D5BA6EE922E2957E00316AD4 /* yukon_charleyrivers.jpg */,
				D5D56D8522DF81DB00966CFF /* hikeData.json */,
				D5FCE8F822DDF296005C4D9E /* charleyrivers.jpg */,
				D5C41BCF22DCE2B800415ABE /* chilkoottrail.jpg */,
				D5C41BCC22DCE2B700415ABE /* chincoteague.jpg */,
				D5C41BD122DCE2B800415ABE /* hiddenlake.jpg */,
				D5C41BC922DCE2B700415ABE /* icybay.jpg */,
				D5C41BD022DCE2B800415ABE /* lakemcdonald.jpg */,
				D5C41BC622DCE2B600415ABE /* landmarkData.json */,
				D5C41BCA22DCE2B700415ABE /* rainbowlake.jpg */,
				D5C41BCB22DCE2B700415ABE /* silversalmoncreek.jpg */,
				D5C41BD222DCE2B800415ABE /* stmarylake.jpg */,
				D5C41BC822DCE2B700415ABE /* turtlerock.jpg */,
				D5C41BC722DCE2B700415ABE /* twinlake.jpg */,
				D5C41BCD22DCE2B700415ABE /* umbagog.jpg */,
				D5C41BCE22DCE2B700415ABE /* yukon_charleyrivers.jpg */,
			);
			path = Resources;
			sourceTree = "<group>";
		};
		D5FCE8D322DCB103005C4D9E = {
			isa = PBXGroup;
			children = (
				D51AD56922E2172300CB87E2 /* ProfileHost.swift */,
				D5FCE8DE22DCB103005C4D9E /* SwiftUITutorials */,
				D5C41BAB22DCE0BE00415ABE /* Resources */,
				D5FCE8DD22DCB103005C4D9E /* Products */,
				D54135A022DCD41900D70106 /* Frameworks */,
			);
			sourceTree = "<group>";
		};
		D5FCE8DD22DCB103005C4D9E /* Products */ = {
			isa = PBXGroup;
			children = (
				D5FCE8DC22DCB103005C4D9E /* SwiftUITutorials.app */,
			);
			name = Products;
			sourceTree = "<group>";
		};
		D5FCE8DE22DCB103005C4D9E /* SwiftUITutorials */ = {
			isa = PBXGroup;
			children = (
				D5C41BA422DCDC8F00415ABE /* Models */,
				D5FCE8DF22DCB103005C4D9E /* AppDelegate.swift */,
				D5FCE8E122DCB103005C4D9E /* SceneDelegate.swift */,
				D55C3F2022E1EB9400581E0A /* CategoryRow.swift */,
				D55C3F1E22E1EA1600581E0A /* HomeView.swift */,
				D50472E422E219BF0099FC52 /* HikeBadge.swift */,
				D51AD56B22E217C600CB87E2 /* ProfileSummary.swift */,
				D5E0688E22E21DC300A1FA84 /* ProfileEditor.swift */,
				D5E0689022E2214F00A1FA84 /* ProfileHost.swift */,
				D5BA6EDC22E229D600316AD4 /* PageViewController.swift */,
				D5BA6EDE22E22BC500316AD4 /* PageView.swift */,
				D5BA6EE022E292DA00316AD4 /* FeatureCard.swift */,
				D5C41BE422DCE3E600415ABE /* LandMarkList.swift */,
				D5C41BA922DCDE9300415ABE /* LandMarkRow.swift */,
				D5FCE8E322DCB103005C4D9E /* LandmarkDetail.swift */,
				D5FCE8F322DCB945005C4D9E /* CircleImage.swift */,
				D5FCE8F522DCBC02005C4D9E /* MapView.swift */,
				D5FCE8FC22DE096F005C4D9E /* BadgeBackground.swift */,
				D5D56D7D22DE320100966CFF /* Badge.swift */,
				D5D56D7F22DE330700966CFF /* BadgeSymbol.swift */,
				D5D56D8122DE357800966CFF /* RotatedBadgeSymbol.swift */,
				D5D56D8722DF823D00966CFF /* HikeGraph.swift */,
				D5D56D8922DF825A00966CFF /* GraphCapsule.swift */,
				D5FCE8E522DCB105005C4D9E /* Assets.xcassets */,
				D5FCE8EA22DCB105005C4D9E /* LaunchScreen.storyboard */,
				D5FCE8ED22DCB105005C4D9E /* Info.plist */,
				D5FCE8E722DCB105005C4D9E /* Preview Content */,
				D5D56D8B22DF831200966CFF /* HikView.swift */,
				D5D56D8D22DF8B1200966CFF /* HikeDetail.swift */,
			);
			path = SwiftUITutorials;
			sourceTree = "<group>";
		};
		D5FCE8E722DCB105005C4D9E /* Preview Content */ = {
			isa = PBXGroup;
			children = (
				D5FCE8E822DCB105005C4D9E /* Preview Assets.xcassets */,
			);
			path = "Preview Content";
			sourceTree = "<group>";
		};
/* End PBXGroup section */

/* Begin PBXNativeTarget section */
		D5FCE8DB22DCB103005C4D9E /* SwiftUITutorials */ = {
			isa = PBXNativeTarget;
			buildConfigurationList = D5FCE8F022DCB105005C4D9E /* Build configuration list for PBXNativeTarget "SwiftUITutorials" */;
			buildPhases = (
				D5FCE8D822DCB103005C4D9E /* Sources */,
				D5FCE8D922DCB103005C4D9E /* Frameworks */,
				D5FCE8DA22DCB103005C4D9E /* Resources */,
			);
			buildRules = (
			);
			dependencies = (
			);
			name = SwiftUITutorials;
			productName = SwiftUITutorials;
			productReference = D5FCE8DC22DCB103005C4D9E /* SwiftUITutorials.app */;
			productType = "com.apple.product-type.application";
		};
/* End PBXNativeTarget section */

/* Begin PBXProject section */
		D5FCE8D422DCB103005C4D9E /* Project object */ = {
			isa = PBXProject;
			attributes = {
				LastSwiftUpdateCheck = 1100;
				LastUpgradeCheck = 1100;
				ORGANIZATIONNAME = "Shiling Yang";
				TargetAttributes = {
					D5FCE8DB22DCB103005C4D9E = {
						CreatedOnToolsVersion = 11.0;
					};
				};
			};
			buildConfigurationList = D5FCE8D722DCB103005C4D9E /* Build configuration list for PBXProject "SwiftUITutorials" */;
			compatibilityVersion = "Xcode 9.3";
			developmentRegion = en;
			hasScannedForEncodings = 0;
			knownRegions = (
				en,
				Base,
			);
			mainGroup = D5FCE8D322DCB103005C4D9E;
			productRefGroup = D5FCE8DD22DCB103005C4D9E /* Products */;
			projectDirPath = "";
			projectRoot = "";
			targets = (
				D5FCE8DB22DCB103005C4D9E /* SwiftUITutorials */,
			);
		};
/* End PBXProject section */

/* Begin PBXResourcesBuildPhase section */
		D5FCE8DA22DCB103005C4D9E /* Resources */ = {
			isa = PBXResourcesBuildPhase;
			buildActionMask = 2147483647;
			files = (
				D5BA6EF622E2957F00316AD4 /* lakemcdonald.jpg in Resources */,
				D5BA6EFF22E2957F00316AD4 /* rainbowlake.jpg in Resources */,
				D5C41BDD22DCE2B800415ABE /* lakemcdonald.jpg in Resources */,
				D5BA6F0322E2957F00316AD4 /* landmarkData.json in Resources */,
				D5FCE8EC22DCB105005C4D9E /* LaunchScreen.storyboard in Resources */,
				D5C41BD422DCE2B800415ABE /* twinlake.jpg in Resources */,
				D5C41BD522DCE2B800415ABE /* turtlerock.jpg in Resources */,
				D5BA6EF722E2957F00316AD4 /* stmarylake_feature.jpg in Resources */,
				D5D56D8622DF81DB00966CFF /* hikeData.json in Resources */,
				D5BA6EF522E2957F00316AD4 /* silversalmoncreek.jpg in Resources */,
				D5BA6F0222E2957F00316AD4 /* stmarylake.jpg in Resources */,
				D5C41BD822DCE2B800415ABE /* silversalmoncreek.jpg in Resources */,
				D5BA6EF822E2957F00316AD4 /* turtlerock_feature.jpg in Resources */,
				D5C41BD922DCE2B800415ABE /* chincoteague.jpg in Resources */,
				D5C41BD322DCE2B800415ABE /* landmarkData.json in Resources */,
				D5BA6EFB22E2957F00316AD4 /* yukon_charleyrivers.jpg in Resources */,
				D5BA6F0022E2957F00316AD4 /* hiddenlake.jpg in Resources */,
				D5BA6EFC22E2957F00316AD4 /* hikeData.json in Resources */,
				D5BA6EF922E2957F00316AD4 /* umbagog.jpg in Resources */,
				D5BA6EF422E2957F00316AD4 /* charleyrivers.jpg in Resources */,
				D5BA6EFD22E2957F00316AD4 /* turtlerock.jpg in Resources */,
				D5FCE8F922DDF296005C4D9E /* charleyrivers.jpg in Resources */,
				D5C41BDC22DCE2B800415ABE /* chilkoottrail.jpg in Resources */,
				D5FCE8E922DCB105005C4D9E /* Preview Assets.xcassets in Resources */,
				D5C41BD722DCE2B800415ABE /* rainbowlake.jpg in Resources */,
				D5BA6F0422E2957F00316AD4 /* charleyrivers_feature.jpg in Resources */,
				D5C41BDF22DCE2B800415ABE /* stmarylake.jpg in Resources */,
				D5C41BD622DCE2B800415ABE /* icybay.jpg in Resources */,
				D5C41BDA22DCE2B800415ABE /* umbagog.jpg in Resources */,
				D5BA6F0122E2957F00316AD4 /* icybay.jpg in Resources */,
				D5BA6F0522E2957F00316AD4 /* chincoteague.jpg in Resources */,
				D5C41BDB22DCE2B800415ABE /* yukon_charleyrivers.jpg in Resources */,
				D5C41BDE22DCE2B800415ABE /* hiddenlake.jpg in Resources */,
				D5BA6EFA22E2957F00316AD4 /* chilkoottrail.jpg in Resources */,
				D5BA6EFE22E2957F00316AD4 /* twinlake.jpg in Resources */,
				D5FCE8E622DCB105005C4D9E /* Assets.xcassets in Resources */,
			);
			runOnlyForDeploymentPostprocessing = 0;
		};
/* End PBXResourcesBuildPhase section */

/* Begin PBXSourcesBuildPhase section */
		D5FCE8D822DCB103005C4D9E /* Sources */ = {
			isa = PBXSourcesBuildPhase;
			buildActionMask = 2147483647;
			files = (
				D5ED939B22E296FC0043FABC /* HikeGraph.swift in Sources */,
				D5ED938922E296FC0043FABC /* CategoryRow.swift in Sources */,
				D5ED939622E296FC0043FABC /* MapView.swift in Sources */,
				D5ED938422E296FC0043FABC /* HexagonParameters.swift in Sources */,
				D5ED938D22E296FC0043FABC /* ProfileEditor.swift in Sources */,
				D5ED938C22E296FC0043FABC /* ProfileSummary.swift in Sources */,
				D5ED938622E296FC0043FABC /* Profile.swift in Sources */,
				D5ED938B22E296FC0043FABC /* HikeBadge.swift in Sources */,
				D5D56D8C22DF831200966CFF /* HikView.swift in Sources */,
				D5ED939522E296FC0043FABC /* CircleImage.swift in Sources */,
				D5ED939022E296FC0043FABC /* PageView.swift in Sources */,
				D5ED938722E296FC0043FABC /* AppDelegate.swift in Sources */,
				D5ED939922E296FC0043FABC /* BadgeSymbol.swift in Sources */,
				D5ED939822E296FC0043FABC /* Badge.swift in Sources */,
				D5ED938F22E296FC0043FABC /* PageViewController.swift in Sources */,
				D5ED939422E296FC0043FABC /* LandmarkDetail.swift in Sources */,
				D5ED938122E296FC0043FABC /* Data.swift in Sources */,
				D5ED938822E296FC0043FABC /* SceneDelegate.swift in Sources */,
				D5ED938522E296FC0043FABC /* Hike.swift in Sources */,
				D5ED938E22E296FC0043FABC /* ProfileHost.swift in Sources */,
				D5ED939C22E296FC0043FABC /* GraphCapsule.swift in Sources */,
				D5ED939A22E296FC0043FABC /* RotatedBadgeSymbol.swift in Sources */,
				D5D56D8E22DF8B1200966CFF /* HikeDetail.swift in Sources */,
				D5ED939722E296FC0043FABC /* BadgeBackground.swift in Sources */,
				D5ED939322E296FC0043FABC /* LandMarkRow.swift in Sources */,
				D5ED939222E296FC0043FABC /* LandMarkList.swift in Sources */,
				D5ED939122E296FC0043FABC /* FeatureCard.swift in Sources */,
				D5ED938A22E296FC0043FABC /* HomeView.swift in Sources */,
				D5ED938322E296FC0043FABC /* UserData.swift in Sources */,
				D5ED938222E296FC0043FABC /* Landmark.swift in Sources */,
			);
			runOnlyForDeploymentPostprocessing = 0;
		};
/* End PBXSourcesBuildPhase section */

/* Begin PBXVariantGroup section */
		D5FCE8EA22DCB105005C4D9E /* LaunchScreen.storyboard */ = {
			isa = PBXVariantGroup;
			children = (
				D5FCE8EB22DCB105005C4D9E /* Base */,
			);
			name = LaunchScreen.storyboard;
			sourceTree = "<group>";
		};
/* End PBXVariantGroup section */

/* Begin XCBuildConfiguration section */
		D5FCE8EE22DCB105005C4D9E /* Debug */ = {
			isa = XCBuildConfiguration;
			buildSettings = {
				ALWAYS_SEARCH_USER_PATHS = NO;
				CLANG_ANALYZER_NONNULL = YES;
				CLANG_ANALYZER_NUMBER_OBJECT_CONVERSION = YES_AGGRESSIVE;
				CLANG_CXX_LANGUAGE_STANDARD = "gnu++14";
				CLANG_CXX_LIBRARY = "libc++";
				CLANG_ENABLE_MODULES = YES;
				CLANG_ENABLE_OBJC_ARC = YES;
				CLANG_ENABLE_OBJC_WEAK = YES;
				CLANG_WARN_BLOCK_CAPTURE_AUTORELEASING = YES;
				CLANG_WARN_BOOL_CONVERSION = YES;
				CLANG_WARN_COMMA = YES;
				CLANG_WARN_CONSTANT_CONVERSION = YES;
				CLANG_WARN_DEPRECATED_OBJC_IMPLEMENTATIONS = YES;
				CLANG_WARN_DIRECT_OBJC_ISA_USAGE = YES_ERROR;
				CLANG_WARN_DOCUMENTATION_COMMENTS = YES;
				CLANG_WARN_EMPTY_BODY = YES;
				CLANG_WARN_ENUM_CONVERSION = YES;
				CLANG_WARN_INFINITE_RECURSION = YES;
				CLANG_WARN_INT_CONVERSION = YES;
				CLANG_WARN_NON_LITERAL_NULL_CONVERSION = YES;
				CLANG_WARN_OBJC_IMPLICIT_RETAIN_SELF = YES;
				CLANG_WARN_OBJC_LITERAL_CONVERSION = YES;
				CLANG_WARN_OBJC_ROOT_CLASS = YES_ERROR;
				CLANG_WARN_RANGE_LOOP_ANALYSIS = YES;
				CLANG_WARN_STRICT_PROTOTYPES = YES;
				CLANG_WARN_SUSPICIOUS_MOVE = YES;
				CLANG_WARN_UNGUARDED_AVAILABILITY = YES_AGGRESSIVE;
				CLANG_WARN_UNREACHABLE_CODE = YES;
				CLANG_WARN__DUPLICATE_METHOD_MATCH = YES;
				COPY_PHASE_STRIP = NO;
				DEBUG_INFORMATION_FORMAT = dwarf;
				ENABLE_STRICT_OBJC_MSGSEND = YES;
				ENABLE_TESTABILITY = YES;
				GCC_C_LANGUAGE_STANDARD = gnu11;
				GCC_DYNAMIC_NO_PIC = NO;
				GCC_NO_COMMON_BLOCKS = YES;
				GCC_OPTIMIZATION_LEVEL = 0;
				GCC_PREPROCESSOR_DEFINITIONS = (
					"DEBUG=1",
					"$(inherited)",
				);
				GCC_WARN_64_TO_32_BIT_CONVERSION = YES;
				GCC_WARN_ABOUT_RETURN_TYPE = YES_ERROR;
				GCC_WARN_UNDECLARED_SELECTOR = YES;
				GCC_WARN_UNINITIALIZED_AUTOS = YES_AGGRESSIVE;
				GCC_WARN_UNUSED_FUNCTION = YES;
				GCC_WARN_UNUSED_VARIABLE = YES;
				IPHONEOS_DEPLOYMENT_TARGET = 13.0;
				MTL_ENABLE_DEBUG_INFO = INCLUDE_SOURCE;
				MTL_FAST_MATH = YES;
				ONLY_ACTIVE_ARCH = YES;
				SDKROOT = iphoneos;
				SWIFT_ACTIVE_COMPILATION_CONDITIONS = DEBUG;
				SWIFT_OPTIMIZATION_LEVEL = "-Onone";
			};
			name = Debug;
		};
		D5FCE8EF22DCB105005C4D9E /* Release */ = {
			isa = XCBuildConfiguration;
			buildSettings = {
				ALWAYS_SEARCH_USER_PATHS = NO;
				CLANG_ANALYZER_NONNULL = YES;
				CLANG_ANALYZER_NUMBER_OBJECT_CONVERSION = YES_AGGRESSIVE;
				CLANG_CXX_LANGUAGE_STANDARD = "gnu++14";
				CLANG_CXX_LIBRARY = "libc++";
				CLANG_ENABLE_MODULES = YES;
				CLANG_ENABLE_OBJC_ARC = YES;
				CLANG_ENABLE_OBJC_WEAK = YES;
				CLANG_WARN_BLOCK_CAPTURE_AUTORELEASING = YES;
				CLANG_WARN_BOOL_CONVERSION = YES;
				CLANG_WARN_COMMA = YES;
				CLANG_WARN_CONSTANT_CONVERSION = YES;
				CLANG_WARN_DEPRECATED_OBJC_IMPLEMENTATIONS = YES;
				CLANG_WARN_DIRECT_OBJC_ISA_USAGE = YES_ERROR;
				CLANG_WARN_DOCUMENTATION_COMMENTS = YES;
				CLANG_WARN_EMPTY_BODY = YES;
				CLANG_WARN_ENUM_CONVERSION = YES;
				CLANG_WARN_INFINITE_RECURSION = YES;
				CLANG_WARN_INT_CONVERSION = YES;
				CLANG_WARN_NON_LITERAL_NULL_CONVERSION = YES;
				CLANG_WARN_OBJC_IMPLICIT_RETAIN_SELF = YES;
				CLANG_WARN_OBJC_LITERAL_CONVERSION = YES;
				CLANG_WARN_OBJC_ROOT_CLASS = YES_ERROR;
				CLANG_WARN_RANGE_LOOP_ANALYSIS = YES;
				CLANG_WARN_STRICT_PROTOTYPES = YES;
				CLANG_WARN_SUSPICIOUS_MOVE = YES;
				CLANG_WARN_UNGUARDED_AVAILABILITY = YES_AGGRESSIVE;
				CLANG_WARN_UNREACHABLE_CODE = YES;
				CLANG_WARN__DUPLICATE_METHOD_MATCH = YES;
				COPY_PHASE_STRIP = NO;
				DEBUG_INFORMATION_FORMAT = "dwarf-with-dsym";
				ENABLE_NS_ASSERTIONS = NO;
				ENABLE_STRICT_OBJC_MSGSEND = YES;
				GCC_C_LANGUAGE_STANDARD = gnu11;
				GCC_NO_COMMON_BLOCKS = YES;
				GCC_WARN_64_TO_32_BIT_CONVERSION = YES;
				GCC_WARN_ABOUT_RETURN_TYPE = YES_ERROR;
				GCC_WARN_UNDECLARED_SELECTOR = YES;
				GCC_WARN_UNINITIALIZED_AUTOS = YES_AGGRESSIVE;
				GCC_WARN_UNUSED_FUNCTION = YES;
				GCC_WARN_UNUSED_VARIABLE = YES;
				IPHONEOS_DEPLOYMENT_TARGET = 13.0;
				MTL_ENABLE_DEBUG_INFO = NO;
				MTL_FAST_MATH = YES;
				SDKROOT = iphoneos;
				SWIFT_COMPILATION_MODE = wholemodule;
				SWIFT_OPTIMIZATION_LEVEL = "-O";
				VALIDATE_PRODUCT = YES;
			};
			name = Release;
		};
		D5FCE8F122DCB105005C4D9E /* Debug */ = {
			isa = XCBuildConfiguration;
			buildSettings = {
				ASSETCATALOG_COMPILER_APPICON_NAME = AppIcon;
				CODE_SIGN_STYLE = Automatic;
				DEVELOPMENT_ASSET_PATHS = "SwiftUITutorials/Preview\\ Content";
				DEVELOPMENT_TEAM = 8YNG52PJ22;
				ENABLE_PREVIEWS = YES;
				INFOPLIST_FILE = SwiftUITutorials/Info.plist;
				LD_RUNPATH_SEARCH_PATHS = (
					"$(inherited)",
					"@executable_path/Frameworks",
				);
				PRODUCT_BUNDLE_IDENTIFIER = com.young40.SwiftUITutorials;
				PRODUCT_NAME = "$(TARGET_NAME)";
				SWIFT_VERSION = 5.0;
				TARGETED_DEVICE_FAMILY = "1,2";
			};
			name = Debug;
		};
		D5FCE8F222DCB105005C4D9E /* Release */ = {
			isa = XCBuildConfiguration;
			buildSettings = {
				ASSETCATALOG_COMPILER_APPICON_NAME = AppIcon;
				CODE_SIGN_STYLE = Automatic;
				DEVELOPMENT_ASSET_PATHS = "SwiftUITutorials/Preview\\ Content";
				DEVELOPMENT_TEAM = 8YNG52PJ22;
				ENABLE_PREVIEWS = YES;
				INFOPLIST_FILE = SwiftUITutorials/Info.plist;
				LD_RUNPATH_SEARCH_PATHS = (
					"$(inherited)",
					"@executable_path/Frameworks",
				);
				PRODUCT_BUNDLE_IDENTIFIER = com.young40.SwiftUITutorials;
				PRODUCT_NAME = "$(TARGET_NAME)";
				SWIFT_VERSION = 5.0;
				TARGETED_DEVICE_FAMILY = "1,2";
			};
			name = Release;
		};
/* End XCBuildConfiguration section */

/* Begin XCConfigurationList section */
		D5FCE8D722DCB103005C4D9E /* Build configuration list for PBXProject "SwiftUITutorials" */ = {
			isa = XCConfigurationList;
			buildConfigurations = (
				D5FCE8EE22DCB105005C4D9E /* Debug */,
				D5FCE8EF22DCB105005C4D9E /* Release */,
			);
			defaultConfigurationIsVisible = 0;
			defaultConfigurationName = Release;
		};
		D5FCE8F022DCB105005C4D9E /* Build configuration list for PBXNativeTarget "SwiftUITutorials" */ = {
			isa = XCConfigurationList;
			buildConfigurations = (
				D5FCE8F122DCB105005C4D9E /* Debug */,
				D5FCE8F222DCB105005C4D9E /* Release */,
			);
			defaultConfigurationIsVisible = 0;
			defaultConfigurationName = Release;
		};
/* End XCConfigurationList section */
	};
	rootObject = D5FCE8D422DCB103005C4D9E /* Project object */;
}
