// !$*UTF8*$!
{
	archiveVersion = 1;
	classes = {
	};
	objectVersion = 50;
	objects = {

/* Begin PBXBuildFile section */
		D54135A222DCD41900D70106 /* MapKit.framework in Frameworks */ = {isa = PBXBuildFile; fileRef = D54135A122DCD41900D70106 /* MapKit.framework */; };
		D5C41BAA22DCDE9300415ABE /* LandMarkRow.swift in Sources */ = {isa = PBXBuildFile; fileRef = D5C41BA922DCDE9300415ABE /* LandMarkRow.swift */; };
		D5C41BD322DCE2B800415ABE /* landmarkData.json in Resources */ = {isa = PBXBuildFile; fileRef = D5C41BC622DCE2B600415ABE /* landmarkData.json */; };
		D5C41BD422DCE2B800415ABE /* twinlake.jpg in Resources */ = {isa = PBXBuildFile; fileRef = D5C41BC722DCE2B700415ABE /* twinlake.jpg */; };
		D5C41BD522DCE2B800415ABE /* turtlerock.jpg in Resources */ = {isa = PBXBuildFile; fileRef = D5C41BC822DCE2B700415ABE /* turtlerock.jpg */; };
		D5C41BD622DCE2B800415ABE /* icybay.jpg in Resources */ = {isa = PBXBuildFile; fileRef = D5C41BC922DCE2B700415ABE /* icybay.jpg */; };
		D5C41BD722DCE2B800415ABE /* rainbowlake.jpg in Resources */ = {isa = PBXBuildFile; fileRef = D5C41BCA22DCE2B700415ABE /* rainbowlake.jpg */; };
		D5C41BD822DCE2B800415ABE /* silversalmoncreek.jpg in Resources */ = {isa = PBXBuildFile; fileRef = D5C41BCB22DCE2B700415ABE /* silversalmoncreek.jpg */; };
		D5C41BD922DCE2B800415ABE /* chincoteague.jpg in Resources */ = {isa = PBXBuildFile; fileRef = D5C41BCC22DCE2B700415ABE /* chincoteague.jpg */; };
		D5C41BDA22DCE2B800415ABE /* umbagog.jpg in Resources */ = {isa = PBXBuildFile; fileRef = D5C41BCD22DCE2B700415ABE /* umbagog.jpg */; };
		D5C41BDB22DCE2B800415ABE /* yukon_charleyrivers.jpg in Resources */ = {isa = PBXBuildFile; fileRef = D5C41BCE22DCE2B700415ABE /* yukon_charleyrivers.jpg */; };
		D5C41BDC22DCE2B800415ABE /* chilkoottrail.jpg in Resources */ = {isa = PBXBuildFile; fileRef = D5C41BCF22DCE2B800415ABE /* chilkoottrail.jpg */; };
		D5C41BDD22DCE2B800415ABE /* lakemcdonald.jpg in Resources */ = {isa = PBXBuildFile; fileRef = D5C41BD022DCE2B800415ABE /* lakemcdonald.jpg */; };
		D5C41BDE22DCE2B800415ABE /* hiddenlake.jpg in Resources */ = {isa = PBXBuildFile; fileRef = D5C41BD122DCE2B800415ABE /* hiddenlake.jpg */; };
		D5C41BDF22DCE2B800415ABE /* stmarylake.jpg in Resources */ = {isa = PBXBuildFile; fileRef = D5C41BD222DCE2B800415ABE /* stmarylake.jpg */; };
		D5C41BE222DCE30A00415ABE /* Data.swift in Sources */ = {isa = PBXBuildFile; fileRef = D5C41BE022DCE30A00415ABE /* Data.swift */; };
		D5C41BE322DCE30A00415ABE /* Landmark.swift in Sources */ = {isa = PBXBuildFile; fileRef = D5C41BE122DCE30A00415ABE /* Landmark.swift */; };
		D5C41BE522DCE3E600415ABE /* LandMarkList.swift in Sources */ = {isa = PBXBuildFile; fileRef = D5C41BE422DCE3E600415ABE /* LandMarkList.swift */; };
		D5FCE8E022DCB103005C4D9E /* AppDelegate.swift in Sources */ = {isa = PBXBuildFile; fileRef = D5FCE8DF22DCB103005C4D9E /* AppDelegate.swift */; };
		D5FCE8E222DCB103005C4D9E /* SceneDelegate.swift in Sources */ = {isa = PBXBuildFile; fileRef = D5FCE8E122DCB103005C4D9E /* SceneDelegate.swift */; };
		D5FCE8E422DCB103005C4D9E /* LandmarkDetail.swift in Sources */ = {isa = PBXBuildFile; fileRef = D5FCE8E322DCB103005C4D9E /* LandmarkDetail.swift */; };
		D5FCE8E622DCB105005C4D9E /* Assets.xcassets in Resources */ = {isa = PBXBuildFile; fileRef = D5FCE8E522DCB105005C4D9E /* Assets.xcassets */; };
		D5FCE8E922DCB105005C4D9E /* Preview Assets.xcassets in Resources */ = {isa = PBXBuildFile; fileRef = D5FCE8E822DCB105005C4D9E /* Preview Assets.xcassets */; };
		D5FCE8EC22DCB105005C4D9E /* LaunchScreen.storyboard in Resources */ = {isa = PBXBuildFile; fileRef = D5FCE8EA22DCB105005C4D9E /* LaunchScreen.storyboard */; };
		D5FCE8F422DCB945005C4D9E /* CircleImage.swift in Sources */ = {isa = PBXBuildFile; fileRef = D5FCE8F322DCB945005C4D9E /* CircleImage.swift */; };
		D5FCE8F622DCBC02005C4D9E /* MapView.swift in Sources */ = {isa = PBXBuildFile; fileRef = D5FCE8F522DCBC02005C4D9E /* MapView.swift */; };
		D5FCE8F922DDF296005C4D9E /* charleyrivers.jpg in Resources */ = {isa = PBXBuildFile; fileRef = D5FCE8F822DDF296005C4D9E /* charleyrivers.jpg */; };
		D5FCE8FB22DE008B005C4D9E /* UserData.swift in Sources */ = {isa = PBXBuildFile; fileRef = D5FCE8FA22DE008B005C4D9E /* UserData.swift */; };
		D5FCE8FD22DE096F005C4D9E /* Badge.swift in Sources */ = {isa = PBXBuildFile; fileRef = D5FCE8FC22DE096F005C4D9E /* Badge.swift */; };
/* End PBXBuildFile section */

/* Begin PBXFileReference section */
		D54135A122DCD41900D70106 /* MapKit.framework */ = {isa = PBXFileReference; lastKnownFileType = wrapper.framework; name = MapKit.framework; path = System/Library/Frameworks/MapKit.framework; sourceTree = SDKROOT; };
		D5C41BA922DCDE9300415ABE /* LandMarkRow.swift */ = {isa = PBXFileReference; lastKnownFileType = sourcecode.swift; path = LandMarkRow.swift; sourceTree = "<group>"; };
		D5C41BC622DCE2B600415ABE /* landmarkData.json */ = {isa = PBXFileReference; fileEncoding = 4; lastKnownFileType = text.json; path = landmarkData.json; sourceTree = "<group>"; };
		D5C41BC722DCE2B700415ABE /* twinlake.jpg */ = {isa = PBXFileReference; lastKnownFileType = image.jpeg; path = twinlake.jpg; sourceTree = "<group>"; };
		D5C41BC822DCE2B700415ABE /* turtlerock.jpg */ = {isa = PBXFileReference; lastKnownFileType = image.jpeg; path = turtlerock.jpg; sourceTree = "<group>"; };
		D5C41BC922DCE2B700415ABE /* icybay.jpg */ = {isa = PBXFileReference; lastKnownFileType = image.jpeg; path = icybay.jpg; sourceTree = "<group>"; };
		D5C41BCA22DCE2B700415ABE /* rainbowlake.jpg */ = {isa = PBXFileReference; lastKnownFileType = image.jpeg; path = rainbowlake.jpg; sourceTree = "<group>"; };
		D5C41BCB22DCE2B700415ABE /* silversalmoncreek.jpg */ = {isa = PBXFileReference; lastKnownFileType = image.jpeg; path = silversalmoncreek.jpg; sourceTree = "<group>"; };
		D5C41BCC22DCE2B700415ABE /* chincoteague.jpg */ = {isa = PBXFileReference; lastKnownFileType = image.jpeg; path = chincoteague.jpg; sourceTree = "<group>"; };
		D5C41BCD22DCE2B700415ABE /* umbagog.jpg */ = {isa = PBXFileReference; lastKnownFileType = image.jpeg; path = umbagog.jpg; sourceTree = "<group>"; };
		D5C41BCE22DCE2B700415ABE /* yukon_charleyrivers.jpg */ = {isa = PBXFileReference; lastKnownFileType = image.jpeg; path = yukon_charleyrivers.jpg; sourceTree = "<group>"; };
		D5C41BCF22DCE2B800415ABE /* chilkoottrail.jpg */ = {isa = PBXFileReference; lastKnownFileType = image.jpeg; path = chilkoottrail.jpg; sourceTree = "<group>"; };
		D5C41BD022DCE2B800415ABE /* lakemcdonald.jpg */ = {isa = PBXFileReference; lastKnownFileType = image.jpeg; path = lakemcdonald.jpg; sourceTree = "<group>"; };
		D5C41BD122DCE2B800415ABE /* hiddenlake.jpg */ = {isa = PBXFileReference; lastKnownFileType = image.jpeg; path = hiddenlake.jpg; sourceTree = "<group>"; };
		D5C41BD222DCE2B800415ABE /* stmarylake.jpg */ = {isa = PBXFileReference; lastKnownFileType = image.jpeg; path = stmarylake.jpg; sourceTree = "<group>"; };
		D5C41BE022DCE30A00415ABE /* Data.swift */ = {isa = PBXFileReference; fileEncoding = 4; lastKnownFileType = sourcecode.swift; path = Data.swift; sourceTree = "<group>"; };
		D5C41BE122DCE30A00415ABE /* Landmark.swift */ = {isa = PBXFileReference; fileEncoding = 4; lastKnownFileType = sourcecode.swift; path = Landmark.swift; sourceTree = "<group>"; };
		D5C41BE422DCE3E600415ABE /* LandMarkList.swift */ = {isa = PBXFileReference; lastKnownFileType = sourcecode.swift; path = LandMarkList.swift; sourceTree = "<group>"; };
		D5FCE8DC22DCB103005C4D9E /* SwiftUITutorials.app */ = {isa = PBXFileReference; explicitFileType = wrapper.application; includeInIndex = 0; path = SwiftUITutorials.app; sourceTree = BUILT_PRODUCTS_DIR; };
		D5FCE8DF22DCB103005C4D9E /* AppDelegate.swift */ = {isa = PBXFileReference; lastKnownFileType = sourcecode.swift; path = AppDelegate.swift; sourceTree = "<group>"; };
		D5FCE8E122DCB103005C4D9E /* SceneDelegate.swift */ = {isa = PBXFileReference; lastKnownFileType = sourcecode.swift; path = SceneDelegate.swift; sourceTree = "<group>"; };
		D5FCE8E322DCB103005C4D9E /* LandmarkDetail.swift */ = {isa = PBXFileReference; lastKnownFileType = sourcecode.swift; path = LandmarkDetail.swift; sourceTree = "<group>"; };
		D5FCE8E522DCB105005C4D9E /* Assets.xcassets */ = {isa = PBXFileReference; lastKnownFileType = folder.assetcatalog; path = Assets.xcassets; sourceTree = "<group>"; };
		D5FCE8E822DCB105005C4D9E /* Preview Assets.xcassets */ = {isa = PBXFileReference; lastKnownFileType = folder.assetcatalog; path = "Preview Assets.xcassets"; sourceTree = "<group>"; };
		D5FCE8EB22DCB105005C4D9E /* Base */ = {isa = PBXFileReference; lastKnownFileType = file.storyboard; name = Base; path = Base.lproj/LaunchScreen.storyboard; sourceTree = "<group>"; };
		D5FCE8ED22DCB105005C4D9E /* Info.plist */ = {isa = PBXFileReference; lastKnownFileType = text.plist.xml; path = Info.plist; sourceTree = "<group>"; };
		D5FCE8F322DCB945005C4D9E /* CircleImage.swift */ = {isa = PBXFileReference; lastKnownFileType = sourcecode.swift; path = CircleImage.swift; sourceTree = "<group>"; };
		D5FCE8F522DCBC02005C4D9E /* MapView.swift */ = {isa = PBXFileReference; lastKnownFileType = sourcecode.swift; path = MapView.swift; sourceTree = "<group>"; };
		D5FCE8F822DDF296005C4D9E /* charleyrivers.jpg */ = {isa = PBXFileReference; lastKnownFileType = image.jpeg; path = charleyrivers.jpg; sourceTree = "<group>"; };
		D5FCE8FA22DE008B005C4D9E /* UserData.swift */ = {isa = PBXFileReference; lastKnownFileType = sourcecode.swift; path = UserData.swift; sourceTree = "<group>"; };
		D5FCE8FC22DE096F005C4D9E /* Badge.swift */ = {isa = PBXFileReference; lastKnownFileType = sourcecode.swift; path = Badge.swift; sourceTree = "<group>"; };
/* End PBXFileReference section */

/* Begin PBXFrameworksBuildPhase section */
		D5FCE8D922DCB103005C4D9E /* Frameworks */ = {
			isa = PBXFrameworksBuildPhase;
			buildActionMask = 2147483647;
			files = (
				D54135A222DCD41900D70106 /* MapKit.framework in Frameworks */,
			);
			runOnlyForDeploymentPostprocessing = 0;
		};
/* End PBXFrameworksBuildPhase section */

/* Begin PBXGroup section */
		D54135A022DCD41900D70106 /* Frameworks */ = {
			isa = PBXGroup;
			children = (
				D54135A122DCD41900D70106 /* MapKit.framework */,
			);
			name = Frameworks;
			sourceTree = "<group>";
		};
		D5C41BA422DCDC8F00415ABE /* Models */ = {
			isa = PBXGroup;
			children = (
				D5C41BE022DCE30A00415ABE /* Data.swift */,
				D5C41BE122DCE30A00415ABE /* Landmark.swift */,
				D5FCE8FA22DE008B005C4D9E /* UserData.swift */,
			);
			path = Models;
			sourceTree = "<group>";
		};
		D5C41BAB22DCE0BE00415ABE /* Resources */ = {
			isa = PBXGroup;
			children = (
				D5FCE8F822DDF296005C4D9E /* charleyrivers.jpg */,
				D5C41BCF22DCE2B800415ABE /* chilkoottrail.jpg */,
				D5C41BCC22DCE2B700415ABE /* chincoteague.jpg */,
				D5C41BD122DCE2B800415ABE /* hiddenlake.jpg */,
				D5C41BC922DCE2B700415ABE /* icybay.jpg */,
				D5C41BD022DCE2B800415ABE /* lakemcdonald.jpg */,
				D5C41BC622DCE2B600415ABE /* landmarkData.json */,
				D5C41BCA22DCE2B700415ABE /* rainbowlake.jpg */,
				D5C41BCB22DCE2B700415ABE /* silversalmoncreek.jpg */,
				D5C41BD222DCE2B800415ABE /* stmarylake.jpg */,
				D5C41BC822DCE2B700415ABE /* turtlerock.jpg */,
				D5C41BC722DCE2B700415ABE /* twinlake.jpg */,
				D5C41BCD22DCE2B700415ABE /* umbagog.jpg */,
				D5C41BCE22DCE2B700415ABE /* yukon_charleyrivers.jpg */,
			);
			path = Resources;
			sourceTree = "<group>";
		};
		D5FCE8D322DCB103005C4D9E = {
			isa = PBXGroup;
			children = (
				D5FCE8DE22DCB103005C4D9E /* SwiftUITutorials */,
				D5C41BAB22DCE0BE00415ABE /* Resources */,
				D5FCE8DD22DCB103005C4D9E /* Products */,
				D54135A022DCD41900D70106 /* Frameworks */,
			);
			sourceTree = "<group>";
		};
		D5FCE8DD22DCB103005C4D9E /* Products */ = {
			isa = PBXGroup;
			children = (
				D5FCE8DC22DCB103005C4D9E /* SwiftUITutorials.app */,
			);
			name = Products;
			sourceTree = "<group>";
		};
		D5FCE8DE22DCB103005C4D9E /* SwiftUITutorials */ = {
			isa = PBXGroup;
			children = (
				D5C41BA422DCDC8F00415ABE /* Models */,
				D5FCE8DF22DCB103005C4D9E /* AppDelegate.swift */,
				D5FCE8E122DCB103005C4D9E /* SceneDelegate.swift */,
				D5C41BE422DCE3E600415ABE /* LandMarkList.swift */,
				D5C41BA922DCDE9300415ABE /* LandMarkRow.swift */,
				D5FCE8E322DCB103005C4D9E /* LandmarkDetail.swift */,
				D5FCE8F322DCB945005C4D9E /* CircleImage.swift */,
				D5FCE8F522DCBC02005C4D9E /* MapView.swift */,
				D5FCE8FC22DE096F005C4D9E /* Badge.swift */,
				D5FCE8E522DCB105005C4D9E /* Assets.xcassets */,
				D5FCE8EA22DCB105005C4D9E /* LaunchScreen.storyboard */,
				D5FCE8ED22DCB105005C4D9E /* Info.plist */,
				D5FCE8E722DCB105005C4D9E /* Preview Content */,
			);
			path = SwiftUITutorials;
			sourceTree = "<group>";
		};
		D5FCE8E722DCB105005C4D9E /* Preview Content */ = {
			isa = PBXGroup;
			children = (
				D5FCE8E822DCB105005C4D9E /* Preview Assets.xcassets */,
			);
			path = "Preview Content";
			sourceTree = "<group>";
		};
/* End PBXGroup section */

/* Begin PBXNativeTarget section */
		D5FCE8DB22DCB103005C4D9E /* SwiftUITutorials */ = {
			isa = PBXNativeTarget;
			buildConfigurationList = D5FCE8F022DCB105005C4D9E /* Build configuration list for PBXNativeTarget "SwiftUITutorials" */;
			buildPhases = (
				D5FCE8D822DCB103005C4D9E /* Sources */,
				D5FCE8D922DCB103005C4D9E /* Frameworks */,
				D5FCE8DA22DCB103005C4D9E /* Resources */,
			);
			buildRules = (
			);
			dependencies = (
			);
			name = SwiftUITutorials;
			productName = SwiftUITutorials;
			productReference = D5FCE8DC22DCB103005C4D9E /* SwiftUITutorials.app */;
			productType = "com.apple.product-type.application";
		};
/* End PBXNativeTarget section */

/* Begin PBXProject section */
		D5FCE8D422DCB103005C4D9E /* Project object */ = {
			isa = PBXProject;
			attributes = {
				LastSwiftUpdateCheck = 1100;
				LastUpgradeCheck = 1100;
				ORGANIZATIONNAME = "Shiling Yang";
				TargetAttributes = {
					D5FCE8DB22DCB103005C4D9E = {
						CreatedOnToolsVersion = 11.0;
					};
				};
			};
			buildConfigurationList = D5FCE8D722DCB103005C4D9E /* Build configuration list for PBXProject "SwiftUITutorials" */;
			compatibilityVersion = "Xcode 9.3";
			developmentRegion = en;
			hasScannedForEncodings = 0;
			knownRegions = (
				en,
				Base,
			);
			mainGroup = D5FCE8D322DCB103005C4D9E;
			productRefGroup = D5FCE8DD22DCB103005C4D9E /* Products */;
			projectDirPath = "";
			projectRoot = "";
			targets = (
				D5FCE8DB22DCB103005C4D9E /* SwiftUITutorials */,
			);
		};
/* End PBXProject section */

/* Begin PBXResourcesBuildPhase section */
		D5FCE8DA22DCB103005C4D9E /* Resources */ = {
			isa = PBXResourcesBuildPhase;
			buildActionMask = 2147483647;
			files = (
				D5C41BDD22DCE2B800415ABE /* lakemcdonald.jpg in Resources */,
				D5FCE8EC22DCB105005C4D9E /* LaunchScreen.storyboard in Resources */,
				D5C41BD422DCE2B800415ABE /* twinlake.jpg in Resources */,
				D5C41BD522DCE2B800415ABE /* turtlerock.jpg in Resources */,
				D5C41BD822DCE2B800415ABE /* silversalmoncreek.jpg in Resources */,
				D5C41BD922DCE2B800415ABE /* chincoteague.jpg in Resources */,
				D5C41BD322DCE2B800415ABE /* landmarkData.json in Resources */,
				D5FCE8F922DDF296005C4D9E /* charleyrivers.jpg in Resources */,
				D5C41BDC22DCE2B800415ABE /* chilkoottrail.jpg in Resources */,
				D5FCE8E922DCB105005C4D9E /* Preview Assets.xcassets in Resources */,
				D5C41BD722DCE2B800415ABE /* rainbowlake.jpg in Resources */,
				D5C41BDF22DCE2B800415ABE /* stmarylake.jpg in Resources */,
				D5C41BD622DCE2B800415ABE /* icybay.jpg in Resources */,
				D5C41BDA22DCE2B800415ABE /* umbagog.jpg in Resources */,
				D5C41BDB22DCE2B800415ABE /* yukon_charleyrivers.jpg in Resources */,
				D5C41BDE22DCE2B800415ABE /* hiddenlake.jpg in Resources */,
				D5FCE8E622DCB105005C4D9E /* Assets.xcassets in Resources */,
			);
			runOnlyForDeploymentPostprocessing = 0;
		};
/* End PBXResourcesBuildPhase section */

/* Begin PBXSourcesBuildPhase section */
		D5FCE8D822DCB103005C4D9E /* Sources */ = {
			isa = PBXSourcesBuildPhase;
			buildActionMask = 2147483647;
			files = (
				D5C41BE222DCE30A00415ABE /* Data.swift in Sources */,
				D5FCE8E022DCB103005C4D9E /* AppDelegate.swift in Sources */,
				D5FCE8FD22DE096F005C4D9E /* Badge.swift in Sources */,
				D5FCE8F422DCB945005C4D9E /* CircleImage.swift in Sources */,
				D5C41BE322DCE30A00415ABE /* Landmark.swift in Sources */,
				D5C41BE522DCE3E600415ABE /* LandMarkList.swift in Sources */,
				D5C41BAA22DCDE9300415ABE /* LandMarkRow.swift in Sources */,
				D5FCE8F622DCBC02005C4D9E /* MapView.swift in Sources */,
				D5FCE8E222DCB103005C4D9E /* SceneDelegate.swift in Sources */,
				D5FCE8FB22DE008B005C4D9E /* UserData.swift in Sources */,
				D5FCE8E422DCB103005C4D9E /* LandmarkDetail.swift in Sources */,
			);
			runOnlyForDeploymentPostprocessing = 0;
		};
/* End PBXSourcesBuildPhase section */

/* Begin PBXVariantGroup section */
		D5FCE8EA22DCB105005C4D9E /* LaunchScreen.storyboard */ = {
			isa = PBXVariantGroup;
			children = (
				D5FCE8EB22DCB105005C4D9E /* Base */,
			);
			name = LaunchScreen.storyboard;
			sourceTree = "<group>";
		};
/* End PBXVariantGroup section */

/* Begin XCBuildConfiguration section */
		D5FCE8EE22DCB105005C4D9E /* Debug */ = {
			isa = XCBuildConfiguration;
			buildSettings = {
				ALWAYS_SEARCH_USER_PATHS = NO;
				CLANG_ANALYZER_NONNULL = YES;
				CLANG_ANALYZER_NUMBER_OBJECT_CONVERSION = YES_AGGRESSIVE;
				CLANG_CXX_LANGUAGE_STANDARD = "gnu++14";
				CLANG_CXX_LIBRARY = "libc++";
				CLANG_ENABLE_MODULES = YES;
				CLANG_ENABLE_OBJC_ARC = YES;
				CLANG_ENABLE_OBJC_WEAK = YES;
				CLANG_WARN_BLOCK_CAPTURE_AUTORELEASING = YES;
				CLANG_WARN_BOOL_CONVERSION = YES;
				CLANG_WARN_COMMA = YES;
				CLANG_WARN_CONSTANT_CONVERSION = YES;
				CLANG_WARN_DEPRECATED_OBJC_IMPLEMENTATIONS = YES;
				CLANG_WARN_DIRECT_OBJC_ISA_USAGE = YES_ERROR;
				CLANG_WARN_DOCUMENTATION_COMMENTS = YES;
				CLANG_WARN_EMPTY_BODY = YES;
				CLANG_WARN_ENUM_CONVERSION = YES;
				CLANG_WARN_INFINITE_RECURSION = YES;
				CLANG_WARN_INT_CONVERSION = YES;
				CLANG_WARN_NON_LITERAL_NULL_CONVERSION = YES;
				CLANG_WARN_OBJC_IMPLICIT_RETAIN_SELF = YES;
				CLANG_WARN_OBJC_LITERAL_CONVERSION = YES;
				CLANG_WARN_OBJC_ROOT_CLASS = YES_ERROR;
				CLANG_WARN_RANGE_LOOP_ANALYSIS = YES;
				CLANG_WARN_STRICT_PROTOTYPES = YES;
				CLANG_WARN_SUSPICIOUS_MOVE = YES;
				CLANG_WARN_UNGUARDED_AVAILABILITY = YES_AGGRESSIVE;
				CLANG_WARN_UNREACHABLE_CODE = YES;
				CLANG_WARN__DUPLICATE_METHOD_MATCH = YES;
				COPY_PHASE_STRIP = NO;
				DEBUG_INFORMATION_FORMAT = dwarf;
				ENABLE_STRICT_OBJC_MSGSEND = YES;
				ENABLE_TESTABILITY = YES;
				GCC_C_LANGUAGE_STANDARD = gnu11;
				GCC_DYNAMIC_NO_PIC = NO;
				GCC_NO_COMMON_BLOCKS = YES;
				GCC_OPTIMIZATION_LEVEL = 0;
				GCC_PREPROCESSOR_DEFINITIONS = (
					"DEBUG=1",
					"$(inherited)",
				);
				GCC_WARN_64_TO_32_BIT_CONVERSION = YES;
				GCC_WARN_ABOUT_RETURN_TYPE = YES_ERROR;
				GCC_WARN_UNDECLARED_SELECTOR = YES;
				GCC_WARN_UNINITIALIZED_AUTOS = YES_AGGRESSIVE;
				GCC_WARN_UNUSED_FUNCTION = YES;
				GCC_WARN_UNUSED_VARIABLE = YES;
				IPHONEOS_DEPLOYMENT_TARGET = 13.0;
				MTL_ENABLE_DEBUG_INFO = INCLUDE_SOURCE;
				MTL_FAST_MATH = YES;
				ONLY_ACTIVE_ARCH = YES;
				SDKROOT = iphoneos;
				SWIFT_ACTIVE_COMPILATION_CONDITIONS = DEBUG;
				SWIFT_OPTIMIZATION_LEVEL = "-Onone";
			};
			name = Debug;
		};
		D5FCE8EF22DCB105005C4D9E /* Release */ = {
			isa = XCBuildConfiguration;
			buildSettings = {
				ALWAYS_SEARCH_USER_PATHS = NO;
				CLANG_ANALYZER_NONNULL = YES;
				CLANG_ANALYZER_NUMBER_OBJECT_CONVERSION = YES_AGGRESSIVE;
				CLANG_CXX_LANGUAGE_STANDARD = "gnu++14";
				CLANG_CXX_LIBRARY = "libc++";
				CLANG_ENABLE_MODULES = YES;
				CLANG_ENABLE_OBJC_ARC = YES;
				CLANG_ENABLE_OBJC_WEAK = YES;
				CLANG_WARN_BLOCK_CAPTURE_AUTORELEASING = YES;
				CLANG_WARN_BOOL_CONVERSION = YES;
				CLANG_WARN_COMMA = YES;
				CLANG_WARN_CONSTANT_CONVERSION = YES;
				CLANG_WARN_DEPRECATED_OBJC_IMPLEMENTATIONS = YES;
				CLANG_WARN_DIRECT_OBJC_ISA_USAGE = YES_ERROR;
				CLANG_WARN_DOCUMENTATION_COMMENTS = YES;
				CLANG_WARN_EMPTY_BODY = YES;
				CLANG_WARN_ENUM_CONVERSION = YES;
				CLANG_WARN_INFINITE_RECURSION = YES;
				CLANG_WARN_INT_CONVERSION = YES;
				CLANG_WARN_NON_LITERAL_NULL_CONVERSION = YES;
				CLANG_WARN_OBJC_IMPLICIT_RETAIN_SELF = YES;
				CLANG_WARN_OBJC_LITERAL_CONVERSION = YES;
				CLANG_WARN_OBJC_ROOT_CLASS = YES_ERROR;
				CLANG_WARN_RANGE_LOOP_ANALYSIS = YES;
				CLANG_WARN_STRICT_PROTOTYPES = YES;
				CLANG_WARN_SUSPICIOUS_MOVE = YES;
				CLANG_WARN_UNGUARDED_AVAILABILITY = YES_AGGRESSIVE;
				CLANG_WARN_UNREACHABLE_CODE = YES;
				CLANG_WARN__DUPLICATE_METHOD_MATCH = YES;
				COPY_PHASE_STRIP = NO;
				DEBUG_INFORMATION_FORMAT = "dwarf-with-dsym";
				ENABLE_NS_ASSERTIONS = NO;
				ENABLE_STRICT_OBJC_MSGSEND = YES;
				GCC_C_LANGUAGE_STANDARD = gnu11;
				GCC_NO_COMMON_BLOCKS = YES;
				GCC_WARN_64_TO_32_BIT_CONVERSION = YES;
				GCC_WARN_ABOUT_RETURN_TYPE = YES_ERROR;
				GCC_WARN_UNDECLARED_SELECTOR = YES;
				GCC_WARN_UNINITIALIZED_AUTOS = YES_AGGRESSIVE;
				GCC_WARN_UNUSED_FUNCTION = YES;
				GCC_WARN_UNUSED_VARIABLE = YES;
				IPHONEOS_DEPLOYMENT_TARGET = 13.0;
				MTL_ENABLE_DEBUG_INFO = NO;
				MTL_FAST_MATH = YES;
				SDKROOT = iphoneos;
				SWIFT_COMPILATION_MODE = wholemodule;
				SWIFT_OPTIMIZATION_LEVEL = "-O";
				VALIDATE_PRODUCT = YES;
			};
			name = Release;
		};
		D5FCE8F122DCB105005C4D9E /* Debug */ = {
			isa = XCBuildConfiguration;
			buildSettings = {
				ASSETCATALOG_COMPILER_APPICON_NAME = AppIcon;
				CODE_SIGN_STYLE = Automatic;
				DEVELOPMENT_ASSET_PATHS = "SwiftUITutorials/Preview\\ Content";
				DEVELOPMENT_TEAM = 8YNG52PJ22;
				ENABLE_PREVIEWS = YES;
				INFOPLIST_FILE = SwiftUITutorials/Info.plist;
				LD_RUNPATH_SEARCH_PATHS = (
					"$(inherited)",
					"@executable_path/Frameworks",
				);
				PRODUCT_BUNDLE_IDENTIFIER = com.young40.SwiftUITutorials;
				PRODUCT_NAME = "$(TARGET_NAME)";
				SWIFT_VERSION = 5.0;
				TARGETED_DEVICE_FAMILY = "1,2";
			};
			name = Debug;
		};
		D5FCE8F222DCB105005C4D9E /* Release */ = {
			isa = XCBuildConfiguration;
			buildSettings = {
				ASSETCATALOG_COMPILER_APPICON_NAME = AppIcon;
				CODE_SIGN_STYLE = Automatic;
				DEVELOPMENT_ASSET_PATHS = "SwiftUITutorials/Preview\\ Content";
				DEVELOPMENT_TEAM = 8YNG52PJ22;
				ENABLE_PREVIEWS = YES;
				INFOPLIST_FILE = SwiftUITutorials/Info.plist;
				LD_RUNPATH_SEARCH_PATHS = (
					"$(inherited)",
					"@executable_path/Frameworks",
				);
				PRODUCT_BUNDLE_IDENTIFIER = com.young40.SwiftUITutorials;
				PRODUCT_NAME = "$(TARGET_NAME)";
				SWIFT_VERSION = 5.0;
				TARGETED_DEVICE_FAMILY = "1,2";
			};
			name = Release;
		};
/* End XCBuildConfiguration section */

/* Begin XCConfigurationList section */
		D5FCE8D722DCB103005C4D9E /* Build configuration list for PBXProject "SwiftUITutorials" */ = {
			isa = XCConfigurationList;
			buildConfigurations = (
				D5FCE8EE22DCB105005C4D9E /* Debug */,
				D5FCE8EF22DCB105005C4D9E /* Release */,
			);
			defaultConfigurationIsVisible = 0;
			defaultConfigurationName = Release;
		};
		D5FCE8F022DCB105005C4D9E /* Build configuration list for PBXNativeTarget "SwiftUITutorials" */ = {
			isa = XCConfigurationList;
			buildConfigurations = (
				D5FCE8F122DCB105005C4D9E /* Debug */,
				D5FCE8F222DCB105005C4D9E /* Release */,
			);
			defaultConfigurationIsVisible = 0;
			defaultConfigurationName = Release;
		};
/* End XCConfigurationList section */
	};
	rootObject = D5FCE8D422DCB103005C4D9E /* Project object */;
}
